// !$*UTF8*$!
{
	archiveVersion = 1;
	classes = {
	};
	objectVersion = 46;
	objects = {

/* Begin PBXBuildFile section */
		D95EA1481CB1F8D7005BECDE /* AppDelegate.swift in Sources */ = {isa = PBXBuildFile; fileRef = D95EA1471CB1F8D7005BECDE /* AppDelegate.swift */; };
		D95EA14A1CB1F8D7005BECDE /* ViewController.swift in Sources */ = {isa = PBXBuildFile; fileRef = D95EA1491CB1F8D7005BECDE /* ViewController.swift */; };
		D95EA14D1CB1F8D7005BECDE /* Main.storyboard in Resources */ = {isa = PBXBuildFile; fileRef = D95EA14B1CB1F8D7005BECDE /* Main.storyboard */; };
		D95EA14F1CB1F8D7005BECDE /* Assets.xcassets in Resources */ = {isa = PBXBuildFile; fileRef = D95EA14E1CB1F8D7005BECDE /* Assets.xcassets */; };
		D95EA1521CB1F8D7005BECDE /* LaunchScreen.storyboard in Resources */ = {isa = PBXBuildFile; fileRef = D95EA1501CB1F8D7005BECDE /* LaunchScreen.storyboard */; };
		D95EA15D1CB1F8D7005BECDE /* valueTimeTests.swift in Sources */ = {isa = PBXBuildFile; fileRef = D95EA15C1CB1F8D7005BECDE /* valueTimeTests.swift */; };
		D95EA1681CB1F8D8005BECDE /* valueTimeUITests.swift in Sources */ = {isa = PBXBuildFile; fileRef = D95EA1671CB1F8D8005BECDE /* valueTimeUITests.swift */; };
		D9C7611D1CB2A51C00833EE8 /* msg.wav in Resources */ = {isa = PBXBuildFile; fileRef = D9C7611C1CB2A51C00833EE8 /* msg.wav */; };
/* End PBXBuildFile section */

/* Begin PBXContainerItemProxy section */
		D95EA1591CB1F8D7005BECDE /* PBXContainerItemProxy */ = {
			isa = PBXContainerItemProxy;
			containerPortal = D95EA13C1CB1F8D7005BECDE /* Project object */;
			proxyType = 1;
			remoteGlobalIDString = D95EA1431CB1F8D7005BECDE;
			remoteInfo = valueTime;
		};
		D95EA1641CB1F8D8005BECDE /* PBXContainerItemProxy */ = {
			isa = PBXContainerItemProxy;
			containerPortal = D95EA13C1CB1F8D7005BECDE /* Project object */;
			proxyType = 1;
			remoteGlobalIDString = D95EA1431CB1F8D7005BECDE;
			remoteInfo = valueTime;
		};
/* End PBXContainerItemProxy section */

/* Begin PBXFileReference section */
		D95EA1441CB1F8D7005BECDE /* valueTime.app */ = {isa = PBXFileReference; explicitFileType = wrapper.application; includeInIndex = 0; path = valueTime.app; sourceTree = BUILT_PRODUCTS_DIR; };
		D95EA1471CB1F8D7005BECDE /* AppDelegate.swift */ = {isa = PBXFileReference; lastKnownFileType = sourcecode.swift; path = AppDelegate.swift; sourceTree = "<group>"; };
		D95EA1491CB1F8D7005BECDE /* ViewController.swift */ = {isa = PBXFileReference; lastKnownFileType = sourcecode.swift; path = ViewController.swift; sourceTree = "<group>"; };
		D95EA14C1CB1F8D7005BECDE /* Base */ = {isa = PBXFileReference; lastKnownFileType = file.storyboard; name = Base; path = Base.lproj/Main.storyboard; sourceTree = "<group>"; };
		D95EA14E1CB1F8D7005BECDE /* Assets.xcassets */ = {isa = PBXFileReference; lastKnownFileType = folder.assetcatalog; path = Assets.xcassets; sourceTree = "<group>"; };
		D95EA1511CB1F8D7005BECDE /* Base */ = {isa = PBXFileReference; lastKnownFileType = file.storyboard; name = Base; path = Base.lproj/LaunchScreen.storyboard; sourceTree = "<group>"; };
		D95EA1531CB1F8D7005BECDE /* Info.plist */ = {isa = PBXFileReference; lastKnownFileType = text.plist.xml; path = Info.plist; sourceTree = "<group>"; };
		D95EA1581CB1F8D7005BECDE /* valueTimeTests.xctest */ = {isa = PBXFileReference; explicitFileType = wrapper.cfbundle; includeInIndex = 0; path = valueTimeTests.xctest; sourceTree = BUILT_PRODUCTS_DIR; };
		D95EA15C1CB1F8D7005BECDE /* valueTimeTests.swift */ = {isa = PBXFileReference; lastKnownFileType = sourcecode.swift; path = valueTimeTests.swift; sourceTree = "<group>"; };
		D95EA15E1CB1F8D7005BECDE /* Info.plist */ = {isa = PBXFileReference; lastKnownFileType = text.plist.xml; path = Info.plist; sourceTree = "<group>"; };
		D95EA1631CB1F8D8005BECDE /* valueTimeUITests.xctest */ = {isa = PBXFileReference; explicitFileType = wrapper.cfbundle; includeInIndex = 0; path = valueTimeUITests.xctest; sourceTree = BUILT_PRODUCTS_DIR; };
		D95EA1671CB1F8D8005BECDE /* valueTimeUITests.swift */ = {isa = PBXFileReference; lastKnownFileType = sourcecode.swift; path = valueTimeUITests.swift; sourceTree = "<group>"; };
		D95EA1691CB1F8D8005BECDE /* Info.plist */ = {isa = PBXFileReference; lastKnownFileType = text.plist.xml; path = Info.plist; sourceTree = "<group>"; };
		D9C7611C1CB2A51C00833EE8 /* msg.wav */ = {isa = PBXFileReference; lastKnownFileType = audio.wav; path = msg.wav; sourceTree = "<group>"; };
/* End PBXFileReference section */

/* Begin PBXFrameworksBuildPhase section */
		D95EA1411CB1F8D7005BECDE /* Frameworks */ = {
			isa = PBXFrameworksBuildPhase;
			buildActionMask = 2147483647;
			files = (
			);
			runOnlyForDeploymentPostprocessing = 0;
		};
		D95EA1551CB1F8D7005BECDE /* Frameworks */ = {
			isa = PBXFrameworksBuildPhase;
			buildActionMask = 2147483647;
			files = (
			);
			runOnlyForDeploymentPostprocessing = 0;
		};
		D95EA1601CB1F8D8005BECDE /* Frameworks */ = {
			isa = PBXFrameworksBuildPhase;
			buildActionMask = 2147483647;
			files = (
			);
			runOnlyForDeploymentPostprocessing = 0;
		};
/* End PBXFrameworksBuildPhase section */

/* Begin PBXGroup section */
		D95EA13B1CB1F8D7005BECDE = {
			isa = PBXGroup;
			children = (
				D95EA1461CB1F8D7005BECDE /* valueTime */,
				D95EA15B1CB1F8D7005BECDE /* valueTimeTests */,
				D95EA1661CB1F8D8005BECDE /* valueTimeUITests */,
				D95EA1451CB1F8D7005BECDE /* Products */,
			);
			sourceTree = "<group>";
		};
		D95EA1451CB1F8D7005BECDE /* Products */ = {
			isa = PBXGroup;
			children = (
				D95EA1441CB1F8D7005BECDE /* valueTime.app */,
				D95EA1581CB1F8D7005BECDE /* valueTimeTests.xctest */,
				D95EA1631CB1F8D8005BECDE /* valueTimeUITests.xctest */,
			);
			name = Products;
			sourceTree = "<group>";
		};
		D95EA1461CB1F8D7005BECDE /* valueTime */ = {
			isa = PBXGroup;
			children = (
				D9C7611A1CB2A4A700833EE8 /* resources */,
				D95EA1471CB1F8D7005BECDE /* AppDelegate.swift */,
				D95EA1491CB1F8D7005BECDE /* ViewController.swift */,
				D95EA14B1CB1F8D7005BECDE /* Main.storyboard */,
				D95EA14E1CB1F8D7005BECDE /* Assets.xcassets */,
				D95EA1501CB1F8D7005BECDE /* LaunchScreen.storyboard */,
				D95EA1531CB1F8D7005BECDE /* Info.plist */,
			);
			path = valueTime;
			sourceTree = "<group>";
		};
		D95EA15B1CB1F8D7005BECDE /* valueTimeTests */ = {
			isa = PBXGroup;
			children = (
				D95EA15C1CB1F8D7005BECDE /* valueTimeTests.swift */,
				D95EA15E1CB1F8D7005BECDE /* Info.plist */,
			);
			path = valueTimeTests;
			sourceTree = "<group>";
		};
		D95EA1661CB1F8D8005BECDE /* valueTimeUITests */ = {
			isa = PBXGroup;
			children = (
				D95EA1671CB1F8D8005BECDE /* valueTimeUITests.swift */,
				D95EA1691CB1F8D8005BECDE /* Info.plist */,
			);
			path = valueTimeUITests;
			sourceTree = "<group>";
		};
		D9C7611A1CB2A4A700833EE8 /* resources */ = {
			isa = PBXGroup;
			children = (
				D9C7611B1CB2A4B800833EE8 /* audio */,
			);
			name = resources;
			sourceTree = "<group>";
		};
		D9C7611B1CB2A4B800833EE8 /* audio */ = {
			isa = PBXGroup;
			children = (
				D9C7611C1CB2A51C00833EE8 /* msg.wav */,
			);
			name = audio;
			sourceTree = "<group>";
		};
/* End PBXGroup section */

/* Begin PBXNativeTarget section */
		D95EA1431CB1F8D7005BECDE /* valueTime */ = {
			isa = PBXNativeTarget;
			buildConfigurationList = D95EA16C1CB1F8D8005BECDE /* Build configuration list for PBXNativeTarget "valueTime" */;
			buildPhases = (
				D95EA1401CB1F8D7005BECDE /* Sources */,
				D95EA1411CB1F8D7005BECDE /* Frameworks */,
				D95EA1421CB1F8D7005BECDE /* Resources */,
			);
			buildRules = (
			);
			dependencies = (
			);
			name = valueTime;
			productName = valueTime;
			productReference = D95EA1441CB1F8D7005BECDE /* valueTime.app */;
			productType = "com.apple.product-type.application";
		};
		D95EA1571CB1F8D7005BECDE /* valueTimeTests */ = {
			isa = PBXNativeTarget;
			buildConfigurationList = D95EA16F1CB1F8D8005BECDE /* Build configuration list for PBXNativeTarget "valueTimeTests" */;
			buildPhases = (
				D95EA1541CB1F8D7005BECDE /* Sources */,
				D95EA1551CB1F8D7005BECDE /* Frameworks */,
				D95EA1561CB1F8D7005BECDE /* Resources */,
			);
			buildRules = (
			);
			dependencies = (
				D95EA15A1CB1F8D7005BECDE /* PBXTargetDependency */,
			);
			name = valueTimeTests;
			productName = valueTimeTests;
			productReference = D95EA1581CB1F8D7005BECDE /* valueTimeTests.xctest */;
			productType = "com.apple.product-type.bundle.unit-test";
		};
		D95EA1621CB1F8D8005BECDE /* valueTimeUITests */ = {
			isa = PBXNativeTarget;
			buildConfigurationList = D95EA1721CB1F8D8005BECDE /* Build configuration list for PBXNativeTarget "valueTimeUITests" */;
			buildPhases = (
				D95EA15F1CB1F8D8005BECDE /* Sources */,
				D95EA1601CB1F8D8005BECDE /* Frameworks */,
				D95EA1611CB1F8D8005BECDE /* Resources */,
			);
			buildRules = (
			);
			dependencies = (
				D95EA1651CB1F8D8005BECDE /* PBXTargetDependency */,
			);
			name = valueTimeUITests;
			productName = valueTimeUITests;
			productReference = D95EA1631CB1F8D8005BECDE /* valueTimeUITests.xctest */;
			productType = "com.apple.product-type.bundle.ui-testing";
		};
/* End PBXNativeTarget section */

/* Begin PBXProject section */
		D95EA13C1CB1F8D7005BECDE /* Project object */ = {
			isa = PBXProject;
			attributes = {
				LastSwiftUpdateCheck = 0730;
				LastUpgradeCheck = 0730;
				ORGANIZATIONNAME = "皮少";
				TargetAttributes = {
					D95EA1431CB1F8D7005BECDE = {
						CreatedOnToolsVersion = 7.3;
						DevelopmentTeam = C8HEPF6Q9M;
					};
					D95EA1571CB1F8D7005BECDE = {
						CreatedOnToolsVersion = 7.3;
						DevelopmentTeam = C8HEPF6Q9M;
						TestTargetID = D95EA1431CB1F8D7005BECDE;
					};
					D95EA1621CB1F8D8005BECDE = {
						CreatedOnToolsVersion = 7.3;
						DevelopmentTeam = C8HEPF6Q9M;
						TestTargetID = D95EA1431CB1F8D7005BECDE;
					};
				};
			};
			buildConfigurationList = D95EA13F1CB1F8D7005BECDE /* Build configuration list for PBXProject "valueTime" */;
			compatibilityVersion = "Xcode 3.2";
			developmentRegion = English;
			hasScannedForEncodings = 0;
			knownRegions = (
				en,
				Base,
			);
			mainGroup = D95EA13B1CB1F8D7005BECDE;
			productRefGroup = D95EA1451CB1F8D7005BECDE /* Products */;
			projectDirPath = "";
			projectRoot = "";
			targets = (
				D95EA1431CB1F8D7005BECDE /* valueTime */,
				D95EA1571CB1F8D7005BECDE /* valueTimeTests */,
				D95EA1621CB1F8D8005BECDE /* valueTimeUITests */,
			);
		};
/* End PBXProject section */

/* Begin PBXResourcesBuildPhase section */
		D95EA1421CB1F8D7005BECDE /* Resources */ = {
			isa = PBXResourcesBuildPhase;
			buildActionMask = 2147483647;
			files = (
				D95EA1521CB1F8D7005BECDE /* LaunchScreen.storyboard in Resources */,
				D95EA14F1CB1F8D7005BECDE /* Assets.xcassets in Resources */,
				D9C7611D1CB2A51C00833EE8 /* msg.wav in Resources */,
				D95EA14D1CB1F8D7005BECDE /* Main.storyboard in Resources */,
			);
			runOnlyForDeploymentPostprocessing = 0;
		};
		D95EA1561CB1F8D7005BECDE /* Resources */ = {
			isa = PBXResourcesBuildPhase;
			buildActionMask = 2147483647;
			files = (
			);
			runOnlyForDeploymentPostprocessing = 0;
		};
		D95EA1611CB1F8D8005BECDE /* Resources */ = {
			isa = PBXResourcesBuildPhase;
			buildActionMask = 2147483647;
			files = (
			);
			runOnlyForDeploymentPostprocessing = 0;
		};
/* End PBXResourcesBuildPhase section */

/* Begin PBXSourcesBuildPhase section */
		D95EA1401CB1F8D7005BECDE /* Sources */ = {
			isa = PBXSourcesBuildPhase;
			buildActionMask = 2147483647;
			files = (
				D95EA14A1CB1F8D7005BECDE /* ViewController.swift in Sources */,
				D95EA1481CB1F8D7005BECDE /* AppDelegate.swift in Sources */,
			);
			runOnlyForDeploymentPostprocessing = 0;
		};
		D95EA1541CB1F8D7005BECDE /* Sources */ = {
			isa = PBXSourcesBuildPhase;
			buildActionMask = 2147483647;
			files = (
				D95EA15D1CB1F8D7005BECDE /* valueTimeTests.swift in Sources */,
			);
			runOnlyForDeploymentPostprocessing = 0;
		};
		D95EA15F1CB1F8D8005BECDE /* Sources */ = {
			isa = PBXSourcesBuildPhase;
			buildActionMask = 2147483647;
			files = (
				D95EA1681CB1F8D8005BECDE /* valueTimeUITests.swift in Sources */,
			);
			runOnlyForDeploymentPostprocessing = 0;
		};
/* End PBXSourcesBuildPhase section */

/* Begin PBXTargetDependency section */
		D95EA15A1CB1F8D7005BECDE /* PBXTargetDependency */ = {
			isa = PBXTargetDependency;
			target = D95EA1431CB1F8D7005BECDE /* valueTime */;
			targetProxy = D95EA1591CB1F8D7005BECDE /* PBXContainerItemProxy */;
		};
		D95EA1651CB1F8D8005BECDE /* PBXTargetDependency */ = {
			isa = PBXTargetDependency;
			target = D95EA1431CB1F8D7005BECDE /* valueTime */;
			targetProxy = D95EA1641CB1F8D8005BECDE /* PBXContainerItemProxy */;
		};
/* End PBXTargetDependency section */

/* Begin PBXVariantGroup section */
		D95EA14B1CB1F8D7005BECDE /* Main.storyboard */ = {
			isa = PBXVariantGroup;
			children = (
				D95EA14C1CB1F8D7005BECDE /* Base */,
			);
			name = Main.storyboard;
			sourceTree = "<group>";
		};
		D95EA1501CB1F8D7005BECDE /* LaunchScreen.storyboard */ = {
			isa = PBXVariantGroup;
			children = (
				D95EA1511CB1F8D7005BECDE /* Base */,
			);
			name = LaunchScreen.storyboard;
			sourceTree = "<group>";
		};
/* End PBXVariantGroup section */

/* Begin XCBuildConfiguration section */
		D95EA16A1CB1F8D8005BECDE /* Debug */ = {
			isa = XCBuildConfiguration;
			buildSettings = {
				ALWAYS_SEARCH_USER_PATHS = NO;
				CLANG_ANALYZER_NONNULL = YES;
				CLANG_CXX_LANGUAGE_STANDARD = "gnu++0x";
				CLANG_CXX_LIBRARY = "libc++";
				CLANG_ENABLE_MODULES = YES;
				CLANG_ENABLE_OBJC_ARC = YES;
				CLANG_WARN_BOOL_CONVERSION = YES;
				CLANG_WARN_CONSTANT_CONVERSION = YES;
				CLANG_WARN_DIRECT_OBJC_ISA_USAGE = YES_ERROR;
				CLANG_WARN_EMPTY_BODY = YES;
				CLANG_WARN_ENUM_CONVERSION = YES;
				CLANG_WARN_INT_CONVERSION = YES;
				CLANG_WARN_OBJC_ROOT_CLASS = YES_ERROR;
				CLANG_WARN_UNREACHABLE_CODE = YES;
				CLANG_WARN__DUPLICATE_METHOD_MATCH = YES;
				"CODE_SIGN_IDENTITY[sdk=iphoneos*]" = "iPhone Developer";
				COPY_PHASE_STRIP = NO;
				DEBUG_INFORMATION_FORMAT = dwarf;
				ENABLE_STRICT_OBJC_MSGSEND = YES;
				ENABLE_TESTABILITY = YES;
				GCC_C_LANGUAGE_STANDARD = gnu99;
				GCC_DYNAMIC_NO_PIC = NO;
				GCC_NO_COMMON_BLOCKS = YES;
				GCC_OPTIMIZATION_LEVEL = 0;
				GCC_PREPROCESSOR_DEFINITIONS = (
					"DEBUG=1",
					"$(inherited)",
				);
				GCC_WARN_64_TO_32_BIT_CONVERSION = YES;
				GCC_WARN_ABOUT_RETURN_TYPE = YES_ERROR;
				GCC_WARN_UNDECLARED_SELECTOR = YES;
				GCC_WARN_UNINITIALIZED_AUTOS = YES_AGGRESSIVE;
				GCC_WARN_UNUSED_FUNCTION = YES;
				GCC_WARN_UNUSED_VARIABLE = YES;
				IPHONEOS_DEPLOYMENT_TARGET = 9.3;
				MTL_ENABLE_DEBUG_INFO = YES;
				ONLY_ACTIVE_ARCH = YES;
				SDKROOT = iphoneos;
				SWIFT_OPTIMIZATION_LEVEL = "-Onone";
			};
			name = Debug;
		};
		D95EA16B1CB1F8D8005BECDE /* Release */ = {
			isa = XCBuildConfiguration;
			buildSettings = {
				ALWAYS_SEARCH_USER_PATHS = NO;
				CLANG_ANALYZER_NONNULL = YES;
				CLANG_CXX_LANGUAGE_STANDARD = "gnu++0x";
				CLANG_CXX_LIBRARY = "libc++";
				CLANG_ENABLE_MODULES = YES;
				CLANG_ENABLE_OBJC_ARC = YES;
				CLANG_WARN_BOOL_CONVERSION = YES;
				CLANG_WARN_CONSTANT_CONVERSION = YES;
				CLANG_WARN_DIRECT_OBJC_ISA_USAGE = YES_ERROR;
				CLANG_WARN_EMPTY_BODY = YES;
				CLANG_WARN_ENUM_CONVERSION = YES;
				CLANG_WARN_INT_CONVERSION = YES;
				CLANG_WARN_OBJC_ROOT_CLASS = YES_ERROR;
				CLANG_WARN_UNREACHABLE_CODE = YES;
				CLANG_WARN__DUPLICATE_METHOD_MATCH = YES;
				"CODE_SIGN_IDENTITY[sdk=iphoneos*]" = "iPhone Developer";
				COPY_PHASE_STRIP = NO;
				DEBUG_INFORMATION_FORMAT = "dwarf-with-dsym";
				ENABLE_NS_ASSERTIONS = NO;
				ENABLE_STRICT_OBJC_MSGSEND = YES;
				GCC_C_LANGUAGE_STANDARD = gnu99;
				GCC_NO_COMMON_BLOCKS = YES;
				GCC_WARN_64_TO_32_BIT_CONVERSION = YES;
				GCC_WARN_ABOUT_RETURN_TYPE = YES_ERROR;
				GCC_WARN_UNDECLARED_SELECTOR = YES;
				GCC_WARN_UNINITIALIZED_AUTOS = YES_AGGRESSIVE;
				GCC_WARN_UNUSED_FUNCTION = YES;
				GCC_WARN_UNUSED_VARIABLE = YES;
				IPHONEOS_DEPLOYMENT_TARGET = 9.3;
				MTL_ENABLE_DEBUG_INFO = NO;
				SDKROOT = iphoneos;
				VALIDATE_PRODUCT = YES;
			};
			name = Release;
		};
		D95EA16D1CB1F8D8005BECDE /* Debug */ = {
			isa = XCBuildConfiguration;
			buildSettings = {
				ASSETCATALOG_COMPILER_APPICON_NAME = AppIcon;
				INFOPLIST_FILE = valueTime/Info.plist;
				LD_RUNPATH_SEARCH_PATHS = "$(inherited) @executable_path/Frameworks";
				PRODUCT_BUNDLE_IDENTIFIER = com.pibr.valueTime;
				PRODUCT_NAME = "$(TARGET_NAME)";
			};
			name = Debug;
		};
		D95EA16E1CB1F8D8005BECDE /* Release */ = {
			isa = XCBuildConfiguration;
			buildSettings = {
				ASSETCATALOG_COMPILER_APPICON_NAME = AppIcon;
				INFOPLIST_FILE = valueTime/Info.plist;
				LD_RUNPATH_SEARCH_PATHS = "$(inherited) @executable_path/Frameworks";
				PRODUCT_BUNDLE_IDENTIFIER = com.pibr.valueTime;
				PRODUCT_NAME = "$(TARGET_NAME)";
			};
			name = Release;
		};
		D95EA1701CB1F8D8005BECDE /* Debug */ = {
			isa = XCBuildConfiguration;
			buildSettings = {
				BUNDLE_LOADER = "$(TEST_HOST)";
				INFOPLIST_FILE = valueTimeTests/Info.plist;
				LD_RUNPATH_SEARCH_PATHS = "$(inherited) @executable_path/Frameworks @loader_path/Frameworks";
				PRODUCT_BUNDLE_IDENTIFIER = com.pibr.valueTimeTests;
				PRODUCT_NAME = "$(TARGET_NAME)";
				TEST_HOST = "$(BUILT_PRODUCTS_DIR)/valueTime.app/valueTime";
			};
			name = Debug;
		};
		D95EA1711CB1F8D8005BECDE /* Release */ = {
			isa = XCBuildConfiguration;
			buildSettings = {
				BUNDLE_LOADER = "$(TEST_HOST)";
				INFOPLIST_FILE = valueTimeTests/Info.plist;
				LD_RUNPATH_SEARCH_PATHS = "$(inherited) @executable_path/Frameworks @loader_path/Frameworks";
				PRODUCT_BUNDLE_IDENTIFIER = com.pibr.valueTimeTests;
				PRODUCT_NAME = "$(TARGET_NAME)";
				TEST_HOST = "$(BUILT_PRODUCTS_DIR)/valueTime.app/valueTime";
			};
			name = Release;
		};
		D95EA1731CB1F8D8005BECDE /* Debug */ = {
			isa = XCBuildConfiguration;
			buildSettings = {
				INFOPLIST_FILE = valueTimeUITests/Info.plist;
				LD_RUNPATH_SEARCH_PATHS = "$(inherited) @executable_path/Frameworks @loader_path/Frameworks";
				PRODUCT_BUNDLE_IDENTIFIER = com.pibr.valueTimeUITests;
				PRODUCT_NAME = "$(TARGET_NAME)";
				TEST_TARGET_NAME = valueTime;
			};
			name = Debug;
		};
		D95EA1741CB1F8D8005BECDE /* Release */ = {
			isa = XCBuildConfiguration;
			buildSettings = {
				INFOPLIST_FILE = valueTimeUITests/Info.plist;
				LD_RUNPATH_SEARCH_PATHS = "$(inherited) @executable_path/Frameworks @loader_path/Frameworks";
				PRODUCT_BUNDLE_IDENTIFIER = com.pibr.valueTimeUITests;
				PRODUCT_NAME = "$(TARGET_NAME)";
				TEST_TARGET_NAME = valueTime;
			};
			name = Release;
		};
/* End XCBuildConfiguration section */

/* Begin XCConfigurationList section */
		D95EA13F1CB1F8D7005BECDE /* Build configuration list for PBXProject "valueTime" */ = {
			isa = XCConfigurationList;
			buildConfigurations = (
				D95EA16A1CB1F8D8005BECDE /* Debug */,
				D95EA16B1CB1F8D8005BECDE /* Release */,
			);
			defaultConfigurationIsVisible = 0;
			defaultConfigurationName = Release;
		};
		D95EA16C1CB1F8D8005BECDE /* Build configuration list for PBXNativeTarget "valueTime" */ = {
			isa = XCConfigurationList;
			buildConfigurations = (
				D95EA16D1CB1F8D8005BECDE /* Debug */,
				D95EA16E1CB1F8D8005BECDE /* Release */,
			);
			defaultConfigurationIsVisible = 0;
			defaultConfigurationName = Release;
		};
		D95EA16F1CB1F8D8005BECDE /* Build configuration list for PBXNativeTarget "valueTimeTests" */ = {
			isa = XCConfigurationList;
			buildConfigurations = (
				D95EA1701CB1F8D8005BECDE /* Debug */,
				D95EA1711CB1F8D8005BECDE /* Release */,
			);
			defaultConfigurationIsVisible = 0;
			defaultConfigurationName = Release;
		};
		D95EA1721CB1F8D8005BECDE /* Build configuration list for PBXNativeTarget "valueTimeUITests" */ = {
			isa = XCConfigurationList;
			buildConfigurations = (
				D95EA1731CB1F8D8005BECDE /* Debug */,
				D95EA1741CB1F8D8005BECDE /* Release */,
			);
			defaultConfigurationIsVisible = 0;
			defaultConfigurationName = Release;
		};
/* End XCConfigurationList section */
	};
	rootObject = D95EA13C1CB1F8D7005BECDE /* Project object */;
}
